
Microsoft Visual Studio Solution File, Format Version 12.00
# Visual Studio Version 16
VisualStudioVersion = 16.0.31410.357
MinimumVisualStudioVersion = 10.0.40219.1
Project("{8BC9CEB8-8B4A-11D0-8D11-00A0C91BC942}") = "BreadManModuleStomping", "ModuleStomping\ModuleStomping.vcxproj", "{DD634CDC-A0A9-45F0-972B-D696CAAF7EE0}"
EndProject
Global
	GlobalSection(SolutionConfigurationPlatforms) = preSolution
		Debug|x64 = Debug|x64
		Debug|x86 = Debug|x86
		Release|x64 = Release|x64
		Release|x86 = Release|x86
	EndGlobalSection
	GlobalSection(ProjectConfigurationPlatforms) = postSolution
		{DD634CDC-A0A9-45F0-972B-D696CAAF7EE0}.Debug|x64.ActiveCfg = Debug|x64
		{DD634CDC-A0A9-45F0-972B-D696CAAF7EE0}.Debug|x64.Build.0 = Debug|x64
		{DD634CDC-A0A9-45F0-972B-D696CAAF7EE0}.Debug|x86.ActiveCfg = Debug|Win32
		{DD634CDC-A0A9-45F0-972B-D696CAAF7EE0}.Debug|x86.Build.0 = Debug|Win32
		{DD634CDC-A0A9-45F0-972B-D696CAAF7EE0}.Release|x64.ActiveCfg = Release|x64
		{DD634CDC-A0A9-45F0-972B-D696CAAF7EE0}.Release|x64.Build.0 = Release|x64
		{DD634CDC-A0A9-45F0-972B-D696CAAF7EE0}.Release|x86.ActiveCfg = Release|Win32
		{DD634CDC-A0A9-45F0-972B-D696CAAF7EE0}.Release|x86.Build.0 = Release|Win32
	EndGlobalSection
	GlobalSection(SolutionProperties) = preSolution
		HideSolutionNode = FALSE
	EndGlobalSection
	GlobalSection(ExtensibilityGlobals) = postSolution
		SolutionGuid = {CE9176DE-6745-4CBC-AD21-B883CEDB3FDA}
	EndGlobalSection
EndGlobal
